
Microsoft Visual Studio Solution File, Format Version 12.00
# Visual Studio Version 17
VisualStudioVersion = 17.5.002.0
MinimumVisualStudioVersion = 10.0.40219.1
Project("{9A19103F-16F7-4668-BE54-9A1E7A4F7556}") = "lab-3", "lab-3.csproj", "{87349D3A-46D6-4016-ABD0-07C3F644E0BC}"
EndProject
Global
	GlobalSection(SolutionConfigurationPlatforms) = preSolution
		Debug|Any CPU = Debug|Any CPU
		Release|Any CPU = Release|Any CPU
	EndGlobalSection
	GlobalSection(ProjectConfigurationPlatforms) = postSolution
		{87349D3A-46D6-4016-ABD0-07C3F644E0BC}.Debug|Any CPU.ActiveCfg = Debug|Any CPU
		{87349D3A-46D6-4016-ABD0-07C3F644E0BC}.Debug|Any CPU.Build.0 = Debug|Any CPU
		{87349D3A-46D6-4016-ABD0-07C3F644E0BC}.Release|Any CPU.ActiveCfg = Release|Any CPU
		{87349D3A-46D6-4016-ABD0-07C3F644E0BC}.Release|Any CPU.Build.0 = Release|Any CPU
	EndGlobalSection
	GlobalSection(SolutionProperties) = preSolution
		HideSolutionNode = FALSE
	EndGlobalSection
	GlobalSection(ExtensibilityGlobals) = postSolution
		SolutionGuid = {C7CBE523-1734-4FDD-B6B5-6F4EAB52F984}
	EndGlobalSection
EndGlobal
