
Microsoft Visual Studio Solution File, Format Version 12.00
# Visual Studio Version 17
VisualStudioVersion = 17.5.002.0
MinimumVisualStudioVersion = 10.0.40219.1
Project("{9A19103F-16F7-4668-BE54-9A1E7A4F7556}") = "lab-3.Tests", "lab-3.Tests.csproj", "{984FA730-42AC-4435-BE97-5DD28AC3AEDF}"
EndProject
Global
	GlobalSection(SolutionConfigurationPlatforms) = preSolution
		Debug|Any CPU = Debug|Any CPU
		Release|Any CPU = Release|Any CPU
	EndGlobalSection
	GlobalSection(ProjectConfigurationPlatforms) = postSolution
		{984FA730-42AC-4435-BE97-5DD28AC3AEDF}.Debug|Any CPU.ActiveCfg = Debug|Any CPU
		{984FA730-42AC-4435-BE97-5DD28AC3AEDF}.Debug|Any CPU.Build.0 = Debug|Any CPU
		{984FA730-42AC-4435-BE97-5DD28AC3AEDF}.Release|Any CPU.ActiveCfg = Release|Any CPU
		{984FA730-42AC-4435-BE97-5DD28AC3AEDF}.Release|Any CPU.Build.0 = Release|Any CPU
	EndGlobalSection
	GlobalSection(SolutionProperties) = preSolution
		HideSolutionNode = FALSE
	EndGlobalSection
	GlobalSection(ExtensibilityGlobals) = postSolution
		SolutionGuid = {05E1C19F-1264-4CD9-8AC8-6D7C5D077E0B}
	EndGlobalSection
EndGlobal
